// !$*UTF8*$!
{
	archiveVersion = 1;
	classes = {
	};
	objectVersion = 56;
	objects = {

/* Begin PBXBuildFile section */
		0E54002E2A04957900B04D51 /* main.c in Sources */ = {isa = PBXBuildFile; fileRef = 0E54002D2A04957900B04D51 /* main.c */; };
/* End PBXBuildFile section */

/* Begin PBXCopyFilesBuildPhase section */
		0E5400282A04957900B04D51 /* CopyFiles */ = {
			isa = PBXCopyFilesBuildPhase;
			buildActionMask = 2147483647;
			dstPath = /usr/share/man/man1/;
			dstSubfolderSpec = 0;
			files = (
			);
			runOnlyForDeploymentPostprocessing = 1;
		};
/* End PBXCopyFilesBuildPhase section */

/* Begin PBXFileReference section */
		0E0090342A1CF02200302275 /* 23827.c */ = {isa = PBXFileReference; lastKnownFileType = sourcecode.c.c; path = 23827.c; sourceTree = "<group>"; };
		0E18E7A82A1A2F7200A95239 /* 25644.c */ = {isa = PBXFileReference; lastKnownFileType = sourcecode.c.c; path = 25644.c; sourceTree = "<group>"; };
		0E2314EA2A320446009EBF46 /* 2776.c */ = {isa = PBXFileReference; lastKnownFileType = sourcecode.c.c; path = 2776.c; sourceTree = "<group>"; };
		0E4F72AB2A278394001062EB /* 25706.c */ = {isa = PBXFileReference; lastKnownFileType = sourcecode.c.c; path = 25706.c; sourceTree = "<group>"; };
		0E54002A2A04957900B04D51 /* 류현선 */ = {isa = PBXFileReference; explicitFileType = "compiled.mach-o.executable"; includeInIndex = 0; path = "류현선"; sourceTree = BUILT_PRODUCTS_DIR; };
		0E54002D2A04957900B04D51 /* main.c */ = {isa = PBXFileReference; lastKnownFileType = sourcecode.c.c; path = main.c; sourceTree = "<group>"; };
		0E5400362A0495B400B04D51 /* 1417.c */ = {isa = PBXFileReference; lastKnownFileType = sourcecode.c.c; path = 1417.c; sourceTree = "<group>"; };
		0E5400382A04963F00B04D51 /* 10815.c */ = {isa = PBXFileReference; lastKnownFileType = sourcecode.c.c; path = 10815.c; sourceTree = "<group>"; };
		0E9AB8492A34679B0022F9FF /* 1544.c */ = {isa = PBXFileReference; lastKnownFileType = sourcecode.c.c; path = 1544.c; sourceTree = "<group>"; };
		0ECE12AC2A1B95E400C9690B /* 10867.c */ = {isa = PBXFileReference; lastKnownFileType = sourcecode.c.c; path = 10867.c; sourceTree = "<group>"; };
		0ED18B042A28C3BD001D20B8 /* 1049.c */ = {isa = PBXFileReference; lastKnownFileType = sourcecode.c.c; path = 1049.c; sourceTree = "<group>"; };
		0ED18FE52A067701003CF6CF /* 11059.c */ = {isa = PBXFileReference; lastKnownFileType = sourcecode.c.c; path = 11059.c; sourceTree = "<group>"; };
		0ED321152A24AEF800056AB3 /* 25497.c */ = {isa = PBXFileReference; lastKnownFileType = sourcecode.c.c; path = 25497.c; sourceTree = "<group>"; };
		0ED63A982A39EF7D002D7782 /* 1026.c */ = {isa = PBXFileReference; lastKnownFileType = sourcecode.c.c; path = 1026.c; sourceTree = "<group>"; };
		0EE6B8A12A18A0C8007F9AF8 /* 14912.c */ = {isa = PBXFileReference; lastKnownFileType = sourcecode.c.c; path = 14912.c; sourceTree = "<group>"; };
		0EF0C4972A2F5CEE00638E67 /* 1388.c */ = {isa = PBXFileReference; lastKnownFileType = sourcecode.c.c; path = 1388.c; sourceTree = "<group>"; };
		0EF9B1092A2AC17B0071050B /* 2740.c */ = {isa = PBXFileReference; lastKnownFileType = sourcecode.c.c; path = 2740.c; sourceTree = "<group>"; };
		0EFA5BB12A34327100E969C7 /* 2485.c */ = {isa = PBXFileReference; lastKnownFileType = sourcecode.c.c; path = 2485.c; sourceTree = "<group>"; };
/* End PBXFileReference section */

/* Begin PBXFrameworksBuildPhase section */
		0E5400272A04957900B04D51 /* Frameworks */ = {
			isa = PBXFrameworksBuildPhase;
			buildActionMask = 2147483647;
			files = (
			);
			runOnlyForDeploymentPostprocessing = 0;
		};
/* End PBXFrameworksBuildPhase section */

/* Begin PBXGroup section */
		0E5400212A04957900B04D51 = {
			isa = PBXGroup;
			children = (
				0E54002C2A04957900B04D51 /* 류현선 */,
				0E54002B2A04957900B04D51 /* Products */,
			);
			sourceTree = "<group>";
		};
		0E54002B2A04957900B04D51 /* Products */ = {
			isa = PBXGroup;
			children = (
				0E54002A2A04957900B04D51 /* 류현선 */,
			);
			name = Products;
			sourceTree = "<group>";
		};
		0E54002C2A04957900B04D51 /* 류현선 */ = {
			isa = PBXGroup;
			children = (
				0E54002D2A04957900B04D51 /* main.c */,
				0ED63A982A39EF7D002D7782 /* 1026.c */,
				0E9AB8492A34679B0022F9FF /* 1544.c */,
				0EFA5BB12A34327100E969C7 /* 2485.c */,
				0E2314EA2A320446009EBF46 /* 2776.c */,
				0EF0C4972A2F5CEE00638E67 /* 1388.c */,
				0EF9B1092A2AC17B0071050B /* 2740.c */,
				0ED18B042A28C3BD001D20B8 /* 1049.c */,
				0E4F72AB2A278394001062EB /* 25706.c */,
				0ED321152A24AEF800056AB3 /* 25497.c */,
				0E0090342A1CF02200302275 /* 23827.c */,
				0ECE12AC2A1B95E400C9690B /* 10867.c */,
				0E18E7A82A1A2F7200A95239 /* 25644.c */,
				0EE6B8A12A18A0C8007F9AF8 /* 14912.c */,
				0ED18FE52A067701003CF6CF /* 11059.c */,
				0E5400382A04963F00B04D51 /* 10815.c */,
				0E5400362A0495B400B04D51 /* 1417.c */,
			);
			path = "류현선";
			sourceTree = "<group>";
		};
/* End PBXGroup section */

/* Begin PBXNativeTarget section */
		0E5400292A04957900B04D51 /* 류현선 */ = {
			isa = PBXNativeTarget;
			buildConfigurationList = 0E5400312A04957900B04D51 /* Build configuration list for PBXNativeTarget "류현선" */;
			buildPhases = (
				0E5400262A04957900B04D51 /* Sources */,
				0E5400272A04957900B04D51 /* Frameworks */,
				0E5400282A04957900B04D51 /* CopyFiles */,
			);
			buildRules = (
			);
			dependencies = (
			);
			name = "류현선";
			productName = "류현선";
			productReference = 0E54002A2A04957900B04D51 /* 류현선 */;
			productType = "com.apple.product-type.tool";
		};
/* End PBXNativeTarget section */

/* Begin PBXProject section */
		0E5400222A04957900B04D51 /* Project object */ = {
			isa = PBXProject;
			attributes = {
				BuildIndependentTargetsInParallel = 1;
				LastUpgradeCheck = 1400;
				TargetAttributes = {
					0E5400292A04957900B04D51 = {
						CreatedOnToolsVersion = 14.0;
					};
				};
			};
			buildConfigurationList = 0E5400252A04957900B04D51 /* Build configuration list for PBXProject "류현선" */;
			compatibilityVersion = "Xcode 14.0";
			developmentRegion = en;
			hasScannedForEncodings = 0;
			knownRegions = (
				en,
				Base,
			);
			mainGroup = 0E5400212A04957900B04D51;
			productRefGroup = 0E54002B2A04957900B04D51 /* Products */;
			projectDirPath = "";
			projectRoot = "";
			targets = (
				0E5400292A04957900B04D51 /* 류현선 */,
			);
		};
/* End PBXProject section */

/* Begin PBXSourcesBuildPhase section */
		0E5400262A04957900B04D51 /* Sources */ = {
			isa = PBXSourcesBuildPhase;
			buildActionMask = 2147483647;
			files = (
				0E54002E2A04957900B04D51 /* main.c in Sources */,
			);
			runOnlyForDeploymentPostprocessing = 0;
		};
/* End PBXSourcesBuildPhase section */

/* Begin XCBuildConfiguration section */
		0E54002F2A04957900B04D51 /* Debug */ = {
			isa = XCBuildConfiguration;
			buildSettings = {
				ALWAYS_SEARCH_USER_PATHS = NO;
				CLANG_ANALYZER_NONNULL = YES;
				CLANG_ANALYZER_NUMBER_OBJECT_CONVERSION = YES_AGGRESSIVE;
				CLANG_CXX_LANGUAGE_STANDARD = "gnu++20";
				CLANG_ENABLE_MODULES = YES;
				CLANG_ENABLE_OBJC_ARC = YES;
				CLANG_ENABLE_OBJC_WEAK = YES;
				CLANG_WARN_BLOCK_CAPTURE_AUTORELEASING = YES;
				CLANG_WARN_BOOL_CONVERSION = YES;
				CLANG_WARN_COMMA = YES;
				CLANG_WARN_CONSTANT_CONVERSION = YES;
				CLANG_WARN_DEPRECATED_OBJC_IMPLEMENTATIONS = YES;
				CLANG_WARN_DIRECT_OBJC_ISA_USAGE = YES_ERROR;
				CLANG_WARN_DOCUMENTATION_COMMENTS = YES;
				CLANG_WARN_EMPTY_BODY = YES;
				CLANG_WARN_ENUM_CONVERSION = YES;
				CLANG_WARN_INFINITE_RECURSION = YES;
				CLANG_WARN_INT_CONVERSION = YES;
				CLANG_WARN_NON_LITERAL_NULL_CONVERSION = YES;
				CLANG_WARN_OBJC_IMPLICIT_RETAIN_SELF = YES;
				CLANG_WARN_OBJC_LITERAL_CONVERSION = YES;
				CLANG_WARN_OBJC_ROOT_CLASS = YES_ERROR;
				CLANG_WARN_QUOTED_INCLUDE_IN_FRAMEWORK_HEADER = YES;
				CLANG_WARN_RANGE_LOOP_ANALYSIS = YES;
				CLANG_WARN_STRICT_PROTOTYPES = YES;
				CLANG_WARN_SUSPICIOUS_MOVE = YES;
				CLANG_WARN_UNGUARDED_AVAILABILITY = YES_AGGRESSIVE;
				CLANG_WARN_UNREACHABLE_CODE = YES;
				CLANG_WARN__DUPLICATE_METHOD_MATCH = YES;
				COPY_PHASE_STRIP = NO;
				DEBUG_INFORMATION_FORMAT = dwarf;
				ENABLE_STRICT_OBJC_MSGSEND = YES;
				ENABLE_TESTABILITY = YES;
				GCC_C_LANGUAGE_STANDARD = gnu11;
				GCC_DYNAMIC_NO_PIC = NO;
				GCC_NO_COMMON_BLOCKS = YES;
				GCC_OPTIMIZATION_LEVEL = 0;
				GCC_PREPROCESSOR_DEFINITIONS = (
					"DEBUG=1",
					"$(inherited)",
				);
				GCC_WARN_64_TO_32_BIT_CONVERSION = YES;
				GCC_WARN_ABOUT_RETURN_TYPE = YES_ERROR;
				GCC_WARN_UNDECLARED_SELECTOR = YES;
				GCC_WARN_UNINITIALIZED_AUTOS = YES_AGGRESSIVE;
				GCC_WARN_UNUSED_FUNCTION = YES;
				GCC_WARN_UNUSED_VARIABLE = YES;
				MACOSX_DEPLOYMENT_TARGET = 12.3;
				MTL_ENABLE_DEBUG_INFO = INCLUDE_SOURCE;
				MTL_FAST_MATH = YES;
				ONLY_ACTIVE_ARCH = YES;
				SDKROOT = macosx;
			};
			name = Debug;
		};
		0E5400302A04957900B04D51 /* Release */ = {
			isa = XCBuildConfiguration;
			buildSettings = {
				ALWAYS_SEARCH_USER_PATHS = NO;
				CLANG_ANALYZER_NONNULL = YES;
				CLANG_ANALYZER_NUMBER_OBJECT_CONVERSION = YES_AGGRESSIVE;
				CLANG_CXX_LANGUAGE_STANDARD = "gnu++20";
				CLANG_ENABLE_MODULES = YES;
				CLANG_ENABLE_OBJC_ARC = YES;
				CLANG_ENABLE_OBJC_WEAK = YES;
				CLANG_WARN_BLOCK_CAPTURE_AUTORELEASING = YES;
				CLANG_WARN_BOOL_CONVERSION = YES;
				CLANG_WARN_COMMA = YES;
				CLANG_WARN_CONSTANT_CONVERSION = YES;
				CLANG_WARN_DEPRECATED_OBJC_IMPLEMENTATIONS = YES;
				CLANG_WARN_DIRECT_OBJC_ISA_USAGE = YES_ERROR;
				CLANG_WARN_DOCUMENTATION_COMMENTS = YES;
				CLANG_WARN_EMPTY_BODY = YES;
				CLANG_WARN_ENUM_CONVERSION = YES;
				CLANG_WARN_INFINITE_RECURSION = YES;
				CLANG_WARN_INT_CONVERSION = YES;
				CLANG_WARN_NON_LITERAL_NULL_CONVERSION = YES;
				CLANG_WARN_OBJC_IMPLICIT_RETAIN_SELF = YES;
				CLANG_WARN_OBJC_LITERAL_CONVERSION = YES;
				CLANG_WARN_OBJC_ROOT_CLASS = YES_ERROR;
				CLANG_WARN_QUOTED_INCLUDE_IN_FRAMEWORK_HEADER = YES;
				CLANG_WARN_RANGE_LOOP_ANALYSIS = YES;
				CLANG_WARN_STRICT_PROTOTYPES = YES;
				CLANG_WARN_SUSPICIOUS_MOVE = YES;
				CLANG_WARN_UNGUARDED_AVAILABILITY = YES_AGGRESSIVE;
				CLANG_WARN_UNREACHABLE_CODE = YES;
				CLANG_WARN__DUPLICATE_METHOD_MATCH = YES;
				COPY_PHASE_STRIP = NO;
				DEBUG_INFORMATION_FORMAT = "dwarf-with-dsym";
				ENABLE_NS_ASSERTIONS = NO;
				ENABLE_STRICT_OBJC_MSGSEND = YES;
				GCC_C_LANGUAGE_STANDARD = gnu11;
				GCC_NO_COMMON_BLOCKS = YES;
				GCC_WARN_64_TO_32_BIT_CONVERSION = YES;
				GCC_WARN_ABOUT_RETURN_TYPE = YES_ERROR;
				GCC_WARN_UNDECLARED_SELECTOR = YES;
				GCC_WARN_UNINITIALIZED_AUTOS = YES_AGGRESSIVE;
				GCC_WARN_UNUSED_FUNCTION = YES;
				GCC_WARN_UNUSED_VARIABLE = YES;
				MACOSX_DEPLOYMENT_TARGET = 12.3;
				MTL_ENABLE_DEBUG_INFO = NO;
				MTL_FAST_MATH = YES;
				SDKROOT = macosx;
			};
			name = Release;
		};
		0E5400322A04957900B04D51 /* Debug */ = {
			isa = XCBuildConfiguration;
			buildSettings = {
				CODE_SIGN_STYLE = Automatic;
				DEVELOPMENT_TEAM = "";
				ENABLE_HARDENED_RUNTIME = YES;
				PRODUCT_NAME = "$(TARGET_NAME)";
			};
			name = Debug;
		};
		0E5400332A04957900B04D51 /* Release */ = {
			isa = XCBuildConfiguration;
			buildSettings = {
				CODE_SIGN_STYLE = Automatic;
				DEVELOPMENT_TEAM = "";
				ENABLE_HARDENED_RUNTIME = YES;
				PRODUCT_NAME = "$(TARGET_NAME)";
			};
			name = Release;
		};
/* End XCBuildConfiguration section */

/* Begin XCConfigurationList section */
		0E5400252A04957900B04D51 /* Build configuration list for PBXProject "류현선" */ = {
			isa = XCConfigurationList;
			buildConfigurations = (
				0E54002F2A04957900B04D51 /* Debug */,
				0E5400302A04957900B04D51 /* Release */,
			);
			defaultConfigurationIsVisible = 0;
			defaultConfigurationName = Release;
		};
		0E5400312A04957900B04D51 /* Build configuration list for PBXNativeTarget "류현선" */ = {
			isa = XCConfigurationList;
			buildConfigurations = (
				0E5400322A04957900B04D51 /* Debug */,
				0E5400332A04957900B04D51 /* Release */,
			);
			defaultConfigurationIsVisible = 0;
			defaultConfigurationName = Release;
		};
/* End XCConfigurationList section */
	};
	rootObject = 0E5400222A04957900B04D51 /* Project object */;
}
